
Microsoft Visual Studio Solution File, Format Version 12.00
# Visual Studio Version 17
VisualStudioVersion = 17.5.002.0
MinimumVisualStudioVersion = 10.0.40219.1
Project("{9A19103F-16F7-4668-BE54-9A1E7A4F7556}") = "WeatherAnalyticApp", "WeatherAnalyticApp.csproj", "{CD8BABA9-9C5E-4FDC-BFB5-505C97BA26C9}"
EndProject
Global
	GlobalSection(SolutionConfigurationPlatforms) = preSolution
		Debug|Any CPU = Debug|Any CPU
		Release|Any CPU = Release|Any CPU
	EndGlobalSection
	GlobalSection(ProjectConfigurationPlatforms) = postSolution
		{CD8BABA9-9C5E-4FDC-BFB5-505C97BA26C9}.Debug|Any CPU.ActiveCfg = Debug|Any CPU
		{CD8BABA9-9C5E-4FDC-BFB5-505C97BA26C9}.Debug|Any CPU.Build.0 = Debug|Any CPU
		{CD8BABA9-9C5E-4FDC-BFB5-505C97BA26C9}.Release|Any CPU.ActiveCfg = Release|Any CPU
		{CD8BABA9-9C5E-4FDC-BFB5-505C97BA26C9}.Release|Any CPU.Build.0 = Release|Any CPU
	EndGlobalSection
	GlobalSection(SolutionProperties) = preSolution
		HideSolutionNode = FALSE
	EndGlobalSection
	GlobalSection(ExtensibilityGlobals) = postSolution
		SolutionGuid = {D61E4BFC-8827-46A8-B10C-800FE8356BF2}
	EndGlobalSection
EndGlobal
